
Microsoft Visual Studio Solution File, Format Version 12.00
# Visual Studio Version 17
VisualStudioVersion = 17.13.35825.156 d17.13
MinimumVisualStudioVersion = 10.0.40219.1
Project("{FAE04EC0-301F-11D3-BF4B-00C04F79EFBC}") = "GayaProject", "GayaProject\GayaProject.csproj", "{D1484782-A011-415B-B723-B534279D082C}"
EndProject
Global
	GlobalSection(SolutionConfigurationPlatforms) = preSolution
		Debug|Any CPU = Debug|Any CPU
		Release|Any CPU = Release|Any CPU
	EndGlobalSection
	GlobalSection(ProjectConfigurationPlatforms) = postSolution
		{D1484782-A011-415B-B723-B534279D082C}.Debug|Any CPU.ActiveCfg = Debug|Any CPU
		{D1484782-A011-415B-B723-B534279D082C}.Debug|Any CPU.Build.0 = Debug|Any CPU
		{D1484782-A011-415B-B723-B534279D082C}.Release|Any CPU.ActiveCfg = Release|Any CPU
		{D1484782-A011-415B-B723-B534279D082C}.Release|Any CPU.Build.0 = Release|Any CPU
	EndGlobalSection
	GlobalSection(SolutionProperties) = preSolution
		HideSolutionNode = FALSE
	EndGlobalSection
	GlobalSection(ExtensibilityGlobals) = postSolution
		SolutionGuid = {3A385D91-6BD7-4E8A-AF97-F6009DA0769F}
	EndGlobalSection
EndGlobal
